# This file is autogenerated, do not edit; changes may be undone by the next 'dep ensure'.


[[projects]]
  branch = "master"
  digest = "1:0d148c57135369391411b5261d6e571e614a5db3782e5a530bc09f9bd50416db"
  name = "github.com/markcheno/go-talib"
  packages = ["."]
  pruneopts = "UT"
  revision = "a4b85487a1cc5434c69feb401708f0bdd3e194a5"

[solve-meta]
  analyzer-name = "dep"
  analyzer-version = 1
  input-imports = ["github.com/markcheno/go-talib"]
  solver-name = "gps-cdcl"
  solver-version = 1
